
Microsoft Visual Studio Solution File, Format Version 12.00
# Visual Studio 15
VisualStudioVersion = 15.0.27703.2026
MinimumVisualStudioVersion = 10.0.40219.1
Project("{FAE04EC0-301F-11D3-BF4B-00C04F79EFBC}") = "Acheve.Jira.XRay", "Acheve.Jira.XRay\Acheve.Jira.XRay.csproj", "{21A5A857-D8F0-485C-9F37-217AA80D4C14}"
EndProject
Global
	GlobalSection(SolutionConfigurationPlatforms) = preSolution
		Debug|Any CPU = Debug|Any CPU
		Release|Any CPU = Release|Any CPU
	EndGlobalSection
	GlobalSection(ProjectConfigurationPlatforms) = postSolution
		{21A5A857-D8F0-485C-9F37-217AA80D4C14}.Debug|Any CPU.ActiveCfg = Debug|Any CPU
		{21A5A857-D8F0-485C-9F37-217AA80D4C14}.Debug|Any CPU.Build.0 = Debug|Any CPU
		{21A5A857-D8F0-485C-9F37-217AA80D4C14}.Release|Any CPU.ActiveCfg = Release|Any CPU
		{21A5A857-D8F0-485C-9F37-217AA80D4C14}.Release|Any CPU.Build.0 = Release|Any CPU
	EndGlobalSection
	GlobalSection(SolutionProperties) = preSolution
		HideSolutionNode = FALSE
	EndGlobalSection
	GlobalSection(ExtensibilityGlobals) = postSolution
		SolutionGuid = {6D2B9477-80B0-4299-A809-8248D2349128}
	EndGlobalSection
EndGlobal
